// !$*UTF8*$!
{
	archiveVersion = 1;
	classes = {
	};
	objectVersion = 56;
	objects = {

/* Begin PBXBuildFile section */
		2B544F7D2DC81AA500A0870A /* Lottie in Frameworks */ = {isa = PBXBuildFile; productRef = 2B544F7C2DC81AA500A0870A /* Lottie */; };
		2B544F822DC81ABB00A0870A /* LottieView.swift in Sources */ = {isa = PBXBuildFile; fileRef = 2B544F7F2DC81ABB00A0870A /* LottieView.swift */; };
		2B544F832DC81ABB00A0870A /* SignInWithAppleLoginButton.swift in Sources */ = {isa = PBXBuildFile; fileRef = 2B544F802DC81ABB00A0870A /* SignInWithAppleLoginButton.swift */; };
		2B544F842DC81ABB00A0870A /* LoginView.swift in Sources */ = {isa = PBXBuildFile; fileRef = 2B544F7E2DC81ABB00A0870A /* LoginView.swift */; };
		2B544F872DC81B1100A0870A /* FirebaseAuth in Frameworks */ = {isa = PBXBuildFile; productRef = 2B544F862DC81B1100A0870A /* FirebaseAuth */; };
		2B544F892DC81B1100A0870A /* FirebaseFirestore in Frameworks */ = {isa = PBXBuildFile; productRef = 2B544F882DC81B1100A0870A /* FirebaseFirestore */; };
		2B544F8D2DC81B7500A0870A /* User.swift in Sources */ = {isa = PBXBuildFile; fileRef = 2B544F8C2DC81B7500A0870A /* User.swift */; };
		2B544F8F2DC81B7E00A0870A /* Font+Extension.swift in Sources */ = {isa = PBXBuildFile; fileRef = 2B544F8E2DC81B7E00A0870A /* Font+Extension.swift */; };
		2B544F912DC81B8400A0870A /* View+Extension.swift in Sources */ = {isa = PBXBuildFile; fileRef = 2B544F902DC81B8400A0870A /* View+Extension.swift */; };
		2B544F932DC81B9800A0870A /* login.json in Resources */ = {isa = PBXBuildFile; fileRef = 2B544F922DC81B9800A0870A /* login.json */; };
		2B544F972DC81E9300A0870A /* GoogleService-Info.plist in Resources */ = {isa = PBXBuildFile; fileRef = 2B544F962DC81E9300A0870A /* GoogleService-Info.plist */; };
		2B544FA32DC8CA3F00A0870A /* AuthManager.swift in Sources */ = {isa = PBXBuildFile; fileRef = 2B544FA22DC8CA3F00A0870A /* AuthManager.swift */; };
		2B544FA52DC8CCF500A0870A /* ButtonStyle.swift in Sources */ = {isa = PBXBuildFile; fileRef = 2B544FA42DC8CCEE00A0870A /* ButtonStyle.swift */; };
		2B544FA72DC8CFDF00A0870A /* BasicButton.swift in Sources */ = {isa = PBXBuildFile; fileRef = 2B544FA62DC8CFDF00A0870A /* BasicButton.swift */; };
		2B544FAB2DC8F7C700A0870A /* RoundedButton.swift in Sources */ = {isa = PBXBuildFile; fileRef = 2B544FAA2DC8F7C700A0870A /* RoundedButton.swift */; };
		2B544FAD2DC8F9AE00A0870A /* TextButton.swift in Sources */ = {isa = PBXBuildFile; fileRef = 2B544FAC2DC8F9AE00A0870A /* TextButton.swift */; };
		2B544FAF2DC90FF400A0870A /* TinyButton.swift in Sources */ = {isa = PBXBuildFile; fileRef = 2B544FAE2DC90FF400A0870A /* TinyButton.swift */; };
		2B544FB22DC918C900A0870A /* TextFieldStyle.swift in Sources */ = {isa = PBXBuildFile; fileRef = 2B544FB12DC918C300A0870A /* TextFieldStyle.swift */; };
		2B544FB42DC9578000A0870A /* BasicTextField.swift in Sources */ = {isa = PBXBuildFile; fileRef = 2B544FB32DC9578000A0870A /* BasicTextField.swift */; };
		2B544FB62DC985ED00A0870A /* FormTextField.swift in Sources */ = {isa = PBXBuildFile; fileRef = 2B544FB52DC985ED00A0870A /* FormTextField.swift */; };
		2B728E2A2DD3438000C1AF6D /* SignInView.swift in Sources */ = {isa = PBXBuildFile; fileRef = 2B728E292DD3438000C1AF6D /* SignInView.swift */; };
		2B728E2C2DD3D74F00C1AF6D /* FindPasswordView.swift in Sources */ = {isa = PBXBuildFile; fileRef = 2B728E2B2DD3D74F00C1AF6D /* FindPasswordView.swift */; };
		2B728E2E2DD3DA2900C1AF6D /* ResetPasswordView.swift in Sources */ = {isa = PBXBuildFile; fileRef = 2B728E2D2DD3DA2900C1AF6D /* ResetPasswordView.swift */; };
		2B728E302DD3E14900C1AF6D /* SignUpView.swift in Sources */ = {isa = PBXBuildFile; fileRef = 2B728E2F2DD3E14900C1AF6D /* SignUpView.swift */; };
		2B728E322DDF111700C1AF6D /* PopupManager.swift in Sources */ = {isa = PBXBuildFile; fileRef = 2B728E312DDF111700C1AF6D /* PopupManager.swift */; };
		2B728E342DDF115400C1AF6D /* Popup.swift in Sources */ = {isa = PBXBuildFile; fileRef = 2B728E332DDF114F00C1AF6D /* Popup.swift */; };
		2B728E362DDF117B00C1AF6D /* Toast.swift in Sources */ = {isa = PBXBuildFile; fileRef = 2B728E352DDF117800C1AF6D /* Toast.swift */; };
		2B728E392DE0425700C1AF6D /* ThemeOpenPopup.swift in Sources */ = {isa = PBXBuildFile; fileRef = 2B728E382DE0425700C1AF6D /* ThemeOpenPopup.swift */; };
		2B728E3B2DE04A6B00C1AF6D /* LogoutPopup.swift in Sources */ = {isa = PBXBuildFile; fileRef = 2B728E3A2DE04A6B00C1AF6D /* LogoutPopup.swift */; };
		2B728E3D2DE04AFA00C1AF6D /* DeleteAccountPopup.swift in Sources */ = {isa = PBXBuildFile; fileRef = 2B728E3C2DE04AFA00C1AF6D /* DeleteAccountPopup.swift */; };
		2B728E3F2DE04C1100C1AF6D /* UnregisteredPopup.swift in Sources */ = {isa = PBXBuildFile; fileRef = 2B728E3E2DE04C1100C1AF6D /* UnregisteredPopup.swift */; };
		2B728E422DE04CE400C1AF6D /* SavedToast.swift in Sources */ = {isa = PBXBuildFile; fileRef = 2B728E412DE04CE400C1AF6D /* SavedToast.swift */; };
		2B728E442DE0531400C1AF6D /* PasswordChangedToast.swift in Sources */ = {isa = PBXBuildFile; fileRef = 2B728E432DE0531400C1AF6D /* PasswordChangedToast.swift */; };
		2B728E462DE0535700C1AF6D /* SignUpCompletedToast.swift in Sources */ = {isa = PBXBuildFile; fileRef = 2B728E452DE0535700C1AF6D /* SignUpCompletedToast.swift */; };
		2BAFB5B72DD1750000ADDA57 /* TopBar.swift in Sources */ = {isa = PBXBuildFile; fileRef = 2BAFB5B62DD1750000ADDA57 /* TopBar.swift */; };
		C532B4972AD4D669006E298D /* BallCalculatorApp.swift in Sources */ = {isa = PBXBuildFile; fileRef = C532B4962AD4D669006E298D /* BallCalculatorApp.swift */; };
		C532B4992AD4D669006E298D /* ContentView.swift in Sources */ = {isa = PBXBuildFile; fileRef = C532B4982AD4D669006E298D /* ContentView.swift */; };
		C532B49B2AD4D66C006E298D /* Assets.xcassets in Resources */ = {isa = PBXBuildFile; fileRef = C532B49A2AD4D66C006E298D /* Assets.xcassets */; };
		C5339C172AE4FC5400ADCF6B /* Theme.swift in Sources */ = {isa = PBXBuildFile; fileRef = C5339C162AE4FC5400ADCF6B /* Theme.swift */; };
		C5339C192AE503E300ADCF6B /* Operation.swift in Sources */ = {isa = PBXBuildFile; fileRef = C5339C182AE503E300ADCF6B /* Operation.swift */; };
		C5339C1B2AE5096C00ADCF6B /* ButtonSize.swift in Sources */ = {isa = PBXBuildFile; fileRef = C5339C1A2AE5096C00ADCF6B /* ButtonSize.swift */; };
		C5339C1D2AE50D8900ADCF6B /* ThemeSelectView.swift in Sources */ = {isa = PBXBuildFile; fileRef = C5339C1C2AE50D8900ADCF6B /* ThemeSelectView.swift */; };
		C5339C202AE558BB00ADCF6B /* NotoSansKR-Bold.ttf in Resources */ = {isa = PBXBuildFile; fileRef = C5339C1E2AE558BB00ADCF6B /* NotoSansKR-Bold.ttf */; };
		C5339C212AE558BB00ADCF6B /* NotoSansKR-Regular.ttf in Resources */ = {isa = PBXBuildFile; fileRef = C5339C1F2AE558BB00ADCF6B /* NotoSansKR-Regular.ttf */; };
		C564C8012B01C5AE00A42261 /* AutoThemeSelectView.swift in Sources */ = {isa = PBXBuildFile; fileRef = C564C8002B01C5AE00A42261 /* AutoThemeSelectView.swift */; };
		C564C8052B01F47B00A42261 /* ThemeManager.swift in Sources */ = {isa = PBXBuildFile; fileRef = C564C8042B01F47B00A42261 /* ThemeManager.swift */; };
		C5B4FEFA2B00E20D0025EC1C /* BallCalculatorTests.swift in Sources */ = {isa = PBXBuildFile; fileRef = C5B4FEF92B00E20D0025EC1C /* BallCalculatorTests.swift */; };
		C5B4FF002B00F05E0025EC1C /* BallCalculatorUITests.swift in Sources */ = {isa = PBXBuildFile; fileRef = C5B4FEFF2B00F05E0025EC1C /* BallCalculatorUITests.swift */; };
		C5B4FF032B00FBFA0025EC1C /* ViewInspector in Frameworks */ = {isa = PBXBuildFile; productRef = C5B4FF022B00FBFA0025EC1C /* ViewInspector */; };
		C5CED2832ADC003D00487138 /* CalculatorFunctions.swift in Sources */ = {isa = PBXBuildFile; fileRef = C5CED2822ADC003D00487138 /* CalculatorFunctions.swift */; };
		C5D1957D2ADA59F80079E799 /* Color+Extension.swift in Sources */ = {isa = PBXBuildFile; fileRef = C5D1957C2ADA59F80079E799 /* Color+Extension.swift */; };
		C5D195802ADA6F130079E799 /* CalcButton.swift in Sources */ = {isa = PBXBuildFile; fileRef = C5D1957F2ADA6F130079E799 /* CalcButton.swift */; };
/* End PBXBuildFile section */

/* Begin PBXContainerItemProxy section */
		C532B4A42AD4D66C006E298D /* PBXContainerItemProxy */ = {
			isa = PBXContainerItemProxy;
			containerPortal = C532B48B2AD4D669006E298D /* Project object */;
			proxyType = 1;
			remoteGlobalIDString = C532B4922AD4D669006E298D;
			remoteInfo = BallCalculator;
		};
		C532B4AE2AD4D66C006E298D /* PBXContainerItemProxy */ = {
			isa = PBXContainerItemProxy;
			containerPortal = C532B48B2AD4D669006E298D /* Project object */;
			proxyType = 1;
			remoteGlobalIDString = C532B4922AD4D669006E298D;
			remoteInfo = BallCalculator;
		};
/* End PBXContainerItemProxy section */

/* Begin PBXFileReference section */
		2B544F7A2DC819FF00A0870A /* BallCalculator.entitlements */ = {isa = PBXFileReference; lastKnownFileType = text.plist.entitlements; path = BallCalculator.entitlements; sourceTree = "<group>"; };
		2B544F7E2DC81ABB00A0870A /* LoginView.swift */ = {isa = PBXFileReference; lastKnownFileType = sourcecode.swift; path = LoginView.swift; sourceTree = "<group>"; };
		2B544F7F2DC81ABB00A0870A /* LottieView.swift */ = {isa = PBXFileReference; lastKnownFileType = sourcecode.swift; path = LottieView.swift; sourceTree = "<group>"; };
		2B544F802DC81ABB00A0870A /* SignInWithAppleLoginButton.swift */ = {isa = PBXFileReference; lastKnownFileType = sourcecode.swift; path = SignInWithAppleLoginButton.swift; sourceTree = "<group>"; };
		2B544F8C2DC81B7500A0870A /* User.swift */ = {isa = PBXFileReference; lastKnownFileType = sourcecode.swift; path = User.swift; sourceTree = "<group>"; };
		2B544F8E2DC81B7E00A0870A /* Font+Extension.swift */ = {isa = PBXFileReference; lastKnownFileType = sourcecode.swift; path = "Font+Extension.swift"; sourceTree = "<group>"; };
		2B544F902DC81B8400A0870A /* View+Extension.swift */ = {isa = PBXFileReference; lastKnownFileType = sourcecode.swift; path = "View+Extension.swift"; sourceTree = "<group>"; };
		2B544F922DC81B9800A0870A /* login.json */ = {isa = PBXFileReference; lastKnownFileType = text.json; path = login.json; sourceTree = "<group>"; };
		2B544F962DC81E9300A0870A /* GoogleService-Info.plist */ = {isa = PBXFileReference; lastKnownFileType = text.plist.xml; path = "GoogleService-Info.plist"; sourceTree = "<group>"; };
		2B544FA22DC8CA3F00A0870A /* AuthManager.swift */ = {isa = PBXFileReference; lastKnownFileType = sourcecode.swift; path = AuthManager.swift; sourceTree = "<group>"; };
		2B544FA42DC8CCEE00A0870A /* ButtonStyle.swift */ = {isa = PBXFileReference; lastKnownFileType = sourcecode.swift; path = ButtonStyle.swift; sourceTree = "<group>"; };
		2B544FA62DC8CFDF00A0870A /* BasicButton.swift */ = {isa = PBXFileReference; lastKnownFileType = sourcecode.swift; path = BasicButton.swift; sourceTree = "<group>"; };
		2B544FAA2DC8F7C700A0870A /* RoundedButton.swift */ = {isa = PBXFileReference; lastKnownFileType = sourcecode.swift; path = RoundedButton.swift; sourceTree = "<group>"; };
		2B544FAC2DC8F9AE00A0870A /* TextButton.swift */ = {isa = PBXFileReference; lastKnownFileType = sourcecode.swift; path = TextButton.swift; sourceTree = "<group>"; };
		2B544FAE2DC90FF400A0870A /* TinyButton.swift */ = {isa = PBXFileReference; lastKnownFileType = sourcecode.swift; path = TinyButton.swift; sourceTree = "<group>"; };
		2B544FB12DC918C300A0870A /* TextFieldStyle.swift */ = {isa = PBXFileReference; lastKnownFileType = sourcecode.swift; path = TextFieldStyle.swift; sourceTree = "<group>"; };
		2B544FB32DC9578000A0870A /* BasicTextField.swift */ = {isa = PBXFileReference; lastKnownFileType = sourcecode.swift; path = BasicTextField.swift; sourceTree = "<group>"; };
		2B544FB52DC985ED00A0870A /* FormTextField.swift */ = {isa = PBXFileReference; lastKnownFileType = sourcecode.swift; path = FormTextField.swift; sourceTree = "<group>"; };
		2B728E292DD3438000C1AF6D /* SignInView.swift */ = {isa = PBXFileReference; lastKnownFileType = sourcecode.swift; path = SignInView.swift; sourceTree = "<group>"; };
		2B728E2B2DD3D74F00C1AF6D /* FindPasswordView.swift */ = {isa = PBXFileReference; lastKnownFileType = sourcecode.swift; path = FindPasswordView.swift; sourceTree = "<group>"; };
		2B728E2D2DD3DA2900C1AF6D /* ResetPasswordView.swift */ = {isa = PBXFileReference; lastKnownFileType = sourcecode.swift; path = ResetPasswordView.swift; sourceTree = "<group>"; };
		2B728E2F2DD3E14900C1AF6D /* SignUpView.swift */ = {isa = PBXFileReference; lastKnownFileType = sourcecode.swift; path = SignUpView.swift; sourceTree = "<group>"; };
		2B728E312DDF111700C1AF6D /* PopupManager.swift */ = {isa = PBXFileReference; lastKnownFileType = sourcecode.swift; path = PopupManager.swift; sourceTree = "<group>"; };
		2B728E332DDF114F00C1AF6D /* Popup.swift */ = {isa = PBXFileReference; lastKnownFileType = sourcecode.swift; path = Popup.swift; sourceTree = "<group>"; };
		2B728E352DDF117800C1AF6D /* Toast.swift */ = {isa = PBXFileReference; lastKnownFileType = sourcecode.swift; path = Toast.swift; sourceTree = "<group>"; };
		2B728E382DE0425700C1AF6D /* ThemeOpenPopup.swift */ = {isa = PBXFileReference; lastKnownFileType = sourcecode.swift; path = ThemeOpenPopup.swift; sourceTree = "<group>"; };
		2B728E3A2DE04A6B00C1AF6D /* LogoutPopup.swift */ = {isa = PBXFileReference; lastKnownFileType = sourcecode.swift; path = LogoutPopup.swift; sourceTree = "<group>"; };
		2B728E3C2DE04AFA00C1AF6D /* DeleteAccountPopup.swift */ = {isa = PBXFileReference; lastKnownFileType = sourcecode.swift; path = DeleteAccountPopup.swift; sourceTree = "<group>"; };
		2B728E3E2DE04C1100C1AF6D /* UnregisteredPopup.swift */ = {isa = PBXFileReference; lastKnownFileType = sourcecode.swift; path = UnregisteredPopup.swift; sourceTree = "<group>"; };
		2B728E412DE04CE400C1AF6D /* SavedToast.swift */ = {isa = PBXFileReference; lastKnownFileType = sourcecode.swift; path = SavedToast.swift; sourceTree = "<group>"; };
		2B728E432DE0531400C1AF6D /* PasswordChangedToast.swift */ = {isa = PBXFileReference; lastKnownFileType = sourcecode.swift; path = PasswordChangedToast.swift; sourceTree = "<group>"; };
		2B728E452DE0535700C1AF6D /* SignUpCompletedToast.swift */ = {isa = PBXFileReference; lastKnownFileType = sourcecode.swift; path = SignUpCompletedToast.swift; sourceTree = "<group>"; };
		2BAFB5B62DD1750000ADDA57 /* TopBar.swift */ = {isa = PBXFileReference; lastKnownFileType = sourcecode.swift; path = TopBar.swift; sourceTree = "<group>"; };
		C532B4932AD4D669006E298D /* BallCalculator.app */ = {isa = PBXFileReference; explicitFileType = wrapper.application; includeInIndex = 0; path = BallCalculator.app; sourceTree = BUILT_PRODUCTS_DIR; };
		C532B4962AD4D669006E298D /* BallCalculatorApp.swift */ = {isa = PBXFileReference; lastKnownFileType = sourcecode.swift; path = BallCalculatorApp.swift; sourceTree = "<group>"; };
		C532B4982AD4D669006E298D /* ContentView.swift */ = {isa = PBXFileReference; lastKnownFileType = sourcecode.swift; path = ContentView.swift; sourceTree = "<group>"; };
		C532B49A2AD4D66C006E298D /* Assets.xcassets */ = {isa = PBXFileReference; lastKnownFileType = folder.assetcatalog; path = Assets.xcassets; sourceTree = "<group>"; };
		C532B4A32AD4D66C006E298D /* BallCalculatorTests.xctest */ = {isa = PBXFileReference; explicitFileType = wrapper.cfbundle; includeInIndex = 0; path = BallCalculatorTests.xctest; sourceTree = BUILT_PRODUCTS_DIR; };
		C532B4AD2AD4D66C006E298D /* BallCalculatorUITests.xctest */ = {isa = PBXFileReference; explicitFileType = wrapper.cfbundle; includeInIndex = 0; path = BallCalculatorUITests.xctest; sourceTree = BUILT_PRODUCTS_DIR; };
		C532B4D52AD639DC006E298D /* Info.plist */ = {isa = PBXFileReference; lastKnownFileType = text.plist; path = Info.plist; sourceTree = "<group>"; };
		C5339C162AE4FC5400ADCF6B /* Theme.swift */ = {isa = PBXFileReference; lastKnownFileType = sourcecode.swift; path = Theme.swift; sourceTree = "<group>"; };
		C5339C182AE503E300ADCF6B /* Operation.swift */ = {isa = PBXFileReference; lastKnownFileType = sourcecode.swift; path = Operation.swift; sourceTree = "<group>"; };
		C5339C1A2AE5096C00ADCF6B /* ButtonSize.swift */ = {isa = PBXFileReference; lastKnownFileType = sourcecode.swift; path = ButtonSize.swift; sourceTree = "<group>"; };
		C5339C1C2AE50D8900ADCF6B /* ThemeSelectView.swift */ = {isa = PBXFileReference; lastKnownFileType = sourcecode.swift; path = ThemeSelectView.swift; sourceTree = "<group>"; };
		C5339C1E2AE558BB00ADCF6B /* NotoSansKR-Bold.ttf */ = {isa = PBXFileReference; lastKnownFileType = file; path = "NotoSansKR-Bold.ttf"; sourceTree = "<group>"; };
		C5339C1F2AE558BB00ADCF6B /* NotoSansKR-Regular.ttf */ = {isa = PBXFileReference; lastKnownFileType = file; path = "NotoSansKR-Regular.ttf"; sourceTree = "<group>"; };
		C564C8002B01C5AE00A42261 /* AutoThemeSelectView.swift */ = {isa = PBXFileReference; lastKnownFileType = sourcecode.swift; path = AutoThemeSelectView.swift; sourceTree = "<group>"; };
		C564C8042B01F47B00A42261 /* ThemeManager.swift */ = {isa = PBXFileReference; lastKnownFileType = sourcecode.swift; path = ThemeManager.swift; sourceTree = "<group>"; };
		C5B4FEF92B00E20D0025EC1C /* BallCalculatorTests.swift */ = {isa = PBXFileReference; lastKnownFileType = sourcecode.swift; name = BallCalculatorTests.swift; path = BallCalculatorTests/BallCalculatorTests.swift; sourceTree = "<group>"; };
		C5B4FEFF2B00F05E0025EC1C /* BallCalculatorUITests.swift */ = {isa = PBXFileReference; lastKnownFileType = sourcecode.swift; name = BallCalculatorUITests.swift; path = BallCalculatorUITests/BallCalculatorUITests.swift; sourceTree = "<group>"; };
		C5CED2822ADC003D00487138 /* CalculatorFunctions.swift */ = {isa = PBXFileReference; lastKnownFileType = sourcecode.swift; path = CalculatorFunctions.swift; sourceTree = "<group>"; };
		C5D1957C2ADA59F80079E799 /* Color+Extension.swift */ = {isa = PBXFileReference; lastKnownFileType = sourcecode.swift; path = "Color+Extension.swift"; sourceTree = "<group>"; };
		C5D1957F2ADA6F130079E799 /* CalcButton.swift */ = {isa = PBXFileReference; lastKnownFileType = sourcecode.swift; path = CalcButton.swift; sourceTree = "<group>"; };
/* End PBXFileReference section */

/* Begin PBXFrameworksBuildPhase section */
		C532B4902AD4D669006E298D /* Frameworks */ = {
			isa = PBXFrameworksBuildPhase;
			buildActionMask = 2147483647;
			files = (
				2B544F7D2DC81AA500A0870A /* Lottie in Frameworks */,
				2B544F872DC81B1100A0870A /* FirebaseAuth in Frameworks */,
				2B544F892DC81B1100A0870A /* FirebaseFirestore in Frameworks */,
			);
			runOnlyForDeploymentPostprocessing = 0;
		};
		C532B4A02AD4D66C006E298D /* Frameworks */ = {
			isa = PBXFrameworksBuildPhase;
			buildActionMask = 2147483647;
			files = (
				C5B4FF032B00FBFA0025EC1C /* ViewInspector in Frameworks */,
			);
			runOnlyForDeploymentPostprocessing = 0;
		};
		C532B4AA2AD4D66C006E298D /* Frameworks */ = {
			isa = PBXFrameworksBuildPhase;
			buildActionMask = 2147483647;
			files = (
			);
			runOnlyForDeploymentPostprocessing = 0;
		};
/* End PBXFrameworksBuildPhase section */

/* Begin PBXGroup section */
		2B544F812DC81ABB00A0870A /* Login */ = {
			isa = PBXGroup;
			children = (
				2B544F7E2DC81ABB00A0870A /* LoginView.swift */,
				2B728E292DD3438000C1AF6D /* SignInView.swift */,
				2B728E2B2DD3D74F00C1AF6D /* FindPasswordView.swift */,
				2B728E2D2DD3DA2900C1AF6D /* ResetPasswordView.swift */,
				2B728E2F2DD3E14900C1AF6D /* SignUpView.swift */,
			);
			path = Login;
			sourceTree = "<group>";
		};
		2B544F9C2DC8C8DD00A0870A /* Components */ = {
			isa = PBXGroup;
			children = (
				2B728E402DE04CD500C1AF6D /* Toasts */,
				2B728E372DE0423200C1AF6D /* Popups */,
				2BAFB5B52DD174E900ADDA57 /* TopBars */,
				2B544FB02DC913A300A0870A /* Inputs */,
				2B544FA12DC8C95200A0870A /* Buttons */,
				2B544F7F2DC81ABB00A0870A /* LottieView.swift */,
				2B544F802DC81ABB00A0870A /* SignInWithAppleLoginButton.swift */,
			);
			path = Components;
			sourceTree = "<group>";
		};
		2B544FA12DC8C95200A0870A /* Buttons */ = {
			isa = PBXGroup;
			children = (
				2B544FA42DC8CCEE00A0870A /* ButtonStyle.swift */,
				2B544FA62DC8CFDF00A0870A /* BasicButton.swift */,
				2B544FAA2DC8F7C700A0870A /* RoundedButton.swift */,
				2B544FAC2DC8F9AE00A0870A /* TextButton.swift */,
				2B544FAE2DC90FF400A0870A /* TinyButton.swift */,
			);
			path = Buttons;
			sourceTree = "<group>";
		};
		2B544FB02DC913A300A0870A /* Inputs */ = {
			isa = PBXGroup;
			children = (
				2B544FB12DC918C300A0870A /* TextFieldStyle.swift */,
				2B544FB32DC9578000A0870A /* BasicTextField.swift */,
				2B544FB52DC985ED00A0870A /* FormTextField.swift */,
			);
			path = Inputs;
			sourceTree = "<group>";
		};
		2B728E372DE0423200C1AF6D /* Popups */ = {
			isa = PBXGroup;
			children = (
				2B728E382DE0425700C1AF6D /* ThemeOpenPopup.swift */,
				2B728E3A2DE04A6B00C1AF6D /* LogoutPopup.swift */,
				2B728E3C2DE04AFA00C1AF6D /* DeleteAccountPopup.swift */,
				2B728E3E2DE04C1100C1AF6D /* UnregisteredPopup.swift */,
			);
			path = Popups;
			sourceTree = "<group>";
		};
		2B728E402DE04CD500C1AF6D /* Toasts */ = {
			isa = PBXGroup;
			children = (
				2B728E412DE04CE400C1AF6D /* SavedToast.swift */,
				2B728E432DE0531400C1AF6D /* PasswordChangedToast.swift */,
				2B728E452DE0535700C1AF6D /* SignUpCompletedToast.swift */,
			);
			path = Toasts;
			sourceTree = "<group>";
		};
		2BAFB5B52DD174E900ADDA57 /* TopBars */ = {
			isa = PBXGroup;
			children = (
				2BAFB5B62DD1750000ADDA57 /* TopBar.swift */,
			);
			path = TopBars;
			sourceTree = "<group>";
		};
		C532B48A2AD4D669006E298D = {
			isa = PBXGroup;
			children = (
				C5B4FEFF2B00F05E0025EC1C /* BallCalculatorUITests.swift */,
				C5B4FEF92B00E20D0025EC1C /* BallCalculatorTests.swift */,
				C532B4952AD4D669006E298D /* BallCalculator */,
				C532B4942AD4D669006E298D /* Products */,
			);
			sourceTree = "<group>";
		};
		C532B4942AD4D669006E298D /* Products */ = {
			isa = PBXGroup;
			children = (
				C532B4932AD4D669006E298D /* BallCalculator.app */,
				C532B4A32AD4D66C006E298D /* BallCalculatorTests.xctest */,
				C532B4AD2AD4D66C006E298D /* BallCalculatorUITests.xctest */,
			);
			name = Products;
			sourceTree = "<group>";
		};
		C532B4952AD4D669006E298D /* BallCalculator */ = {
			isa = PBXGroup;
			children = (
				2B544F7A2DC819FF00A0870A /* BallCalculator.entitlements */,
				C532B4962AD4D669006E298D /* BallCalculatorApp.swift */,
				C532B4D52AD639DC006E298D /* Info.plist */,
				2B544F962DC81E9300A0870A /* GoogleService-Info.plist */,
				C5D1957B2ADA59E80079E799 /* Extension */,
				C532B4C42AD638AC006E298D /* Resources */,
				C5D1957E2ADA6EFE0079E799 /* Model */,
				C532B4C02AD4D808006E298D /* Views */,
				C564C7FD2B01C26700A42261 /* Manager */,
				C5CED2812ADC002900487138 /* Function */,
			);
			path = BallCalculator;
			sourceTree = "<group>";
		};
		C532B4C02AD4D808006E298D /* Views */ = {
			isa = PBXGroup;
			children = (
				2B544F9C2DC8C8DD00A0870A /* Components */,
				2B544F812DC81ABB00A0870A /* Login */,
				C532B4982AD4D669006E298D /* ContentView.swift */,
				C5339C1C2AE50D8900ADCF6B /* ThemeSelectView.swift */,
				C564C8002B01C5AE00A42261 /* AutoThemeSelectView.swift */,
			);
			path = Views;
			sourceTree = "<group>";
		};
		C532B4C32AD6389F006E298D /* Fonts */ = {
			isa = PBXGroup;
			children = (
				C5339C1E2AE558BB00ADCF6B /* NotoSansKR-Bold.ttf */,
				C5339C1F2AE558BB00ADCF6B /* NotoSansKR-Regular.ttf */,
			);
			path = Fonts;
			sourceTree = "<group>";
		};
		C532B4C42AD638AC006E298D /* Resources */ = {
			isa = PBXGroup;
			children = (
				2B544F922DC81B9800A0870A /* login.json */,
				C532B49A2AD4D66C006E298D /* Assets.xcassets */,
				C532B4C32AD6389F006E298D /* Fonts */,
			);
			path = Resources;
			sourceTree = "<group>";
		};
		C564C7FD2B01C26700A42261 /* Manager */ = {
			isa = PBXGroup;
			children = (
				2B544FA22DC8CA3F00A0870A /* AuthManager.swift */,
				C564C8042B01F47B00A42261 /* ThemeManager.swift */,
				2B728E312DDF111700C1AF6D /* PopupManager.swift */,
			);
			path = Manager;
			sourceTree = "<group>";
		};
		C5CED2812ADC002900487138 /* Function */ = {
			isa = PBXGroup;
			children = (
				C5CED2822ADC003D00487138 /* CalculatorFunctions.swift */,
				C5339C1A2AE5096C00ADCF6B /* ButtonSize.swift */,
			);
			path = Function;
			sourceTree = "<group>";
		};
		C5D1957B2ADA59E80079E799 /* Extension */ = {
			isa = PBXGroup;
			children = (
				2B544F902DC81B8400A0870A /* View+Extension.swift */,
				2B544F8E2DC81B7E00A0870A /* Font+Extension.swift */,
				C5D1957C2ADA59F80079E799 /* Color+Extension.swift */,
			);
			path = Extension;
			sourceTree = "<group>";
		};
		C5D1957E2ADA6EFE0079E799 /* Model */ = {
			isa = PBXGroup;
			children = (
				2B728E352DDF117800C1AF6D /* Toast.swift */,
				2B728E332DDF114F00C1AF6D /* Popup.swift */,
				2B544F8C2DC81B7500A0870A /* User.swift */,
				C5D1957F2ADA6F130079E799 /* CalcButton.swift */,
				C5339C162AE4FC5400ADCF6B /* Theme.swift */,
				C5339C182AE503E300ADCF6B /* Operation.swift */,
			);
			path = Model;
			sourceTree = "<group>";
		};
/* End PBXGroup section */

/* Begin PBXNativeTarget section */
		C532B4922AD4D669006E298D /* BallCalculator */ = {
			isa = PBXNativeTarget;
			buildConfigurationList = C532B4B72AD4D66C006E298D /* Build configuration list for PBXNativeTarget "BallCalculator" */;
			buildPhases = (
				C532B48F2AD4D669006E298D /* Sources */,
				C532B4902AD4D669006E298D /* Frameworks */,
				C532B4912AD4D669006E298D /* Resources */,
			);
			buildRules = (
			);
			dependencies = (
			);
			name = BallCalculator;
			productName = BallCalculator;
			productReference = C532B4932AD4D669006E298D /* BallCalculator.app */;
			productType = "com.apple.product-type.application";
		};
		C532B4A22AD4D66C006E298D /* BallCalculatorTests */ = {
			isa = PBXNativeTarget;
			buildConfigurationList = C532B4BA2AD4D66C006E298D /* Build configuration list for PBXNativeTarget "BallCalculatorTests" */;
			buildPhases = (
				C532B49F2AD4D66C006E298D /* Sources */,
				C532B4A02AD4D66C006E298D /* Frameworks */,
				C532B4A12AD4D66C006E298D /* Resources */,
			);
			buildRules = (
			);
			dependencies = (
				C532B4A52AD4D66C006E298D /* PBXTargetDependency */,
			);
			name = BallCalculatorTests;
			packageProductDependencies = (
				C5B4FF022B00FBFA0025EC1C /* ViewInspector */,
			);
			productName = BallCalculatorTests;
			productReference = C532B4A32AD4D66C006E298D /* BallCalculatorTests.xctest */;
			productType = "com.apple.product-type.bundle.unit-test";
		};
		C532B4AC2AD4D66C006E298D /* BallCalculatorUITests */ = {
			isa = PBXNativeTarget;
			buildConfigurationList = C532B4BD2AD4D66C006E298D /* Build configuration list for PBXNativeTarget "BallCalculatorUITests" */;
			buildPhases = (
				C532B4A92AD4D66C006E298D /* Sources */,
				C532B4AA2AD4D66C006E298D /* Frameworks */,
				C532B4AB2AD4D66C006E298D /* Resources */,
			);
			buildRules = (
			);
			dependencies = (
				C532B4AF2AD4D66C006E298D /* PBXTargetDependency */,
			);
			name = BallCalculatorUITests;
			productName = BallCalculatorUITests;
			productReference = C532B4AD2AD4D66C006E298D /* BallCalculatorUITests.xctest */;
			productType = "com.apple.product-type.bundle.ui-testing";
		};
/* End PBXNativeTarget section */

/* Begin PBXProject section */
		C532B48B2AD4D669006E298D /* Project object */ = {
			isa = PBXProject;
			attributes = {
				BuildIndependentTargetsInParallel = 1;
				LastSwiftUpdateCheck = 1500;
				LastUpgradeCheck = 1500;
				TargetAttributes = {
					C532B4922AD4D669006E298D = {
						CreatedOnToolsVersion = 15.0;
					};
					C532B4A22AD4D66C006E298D = {
						CreatedOnToolsVersion = 15.0;
						LastSwiftMigration = 1500;
						TestTargetID = C532B4922AD4D669006E298D;
					};
					C532B4AC2AD4D66C006E298D = {
						CreatedOnToolsVersion = 15.0;
						LastSwiftMigration = 1500;
						TestTargetID = C532B4922AD4D669006E298D;
					};
				};
			};
			buildConfigurationList = C532B48E2AD4D669006E298D /* Build configuration list for PBXProject "BallCalculator" */;
			compatibilityVersion = "Xcode 14.0";
			developmentRegion = en;
			hasScannedForEncodings = 0;
			knownRegions = (
				en,
				Base,
			);
			mainGroup = C532B48A2AD4D669006E298D;
			packageReferences = (
				C5B4FF012B00FBFA0025EC1C /* XCRemoteSwiftPackageReference "ViewInspector" */,
				2B544F7B2DC81AA500A0870A /* XCRemoteSwiftPackageReference "lottie-ios" */,
				2B544F852DC81B1100A0870A /* XCRemoteSwiftPackageReference "firebase-ios-sdk" */,
			);
			productRefGroup = C532B4942AD4D669006E298D /* Products */;
			projectDirPath = "";
			projectRoot = "";
			targets = (
				C532B4922AD4D669006E298D /* BallCalculator */,
				C532B4A22AD4D66C006E298D /* BallCalculatorTests */,
				C532B4AC2AD4D66C006E298D /* BallCalculatorUITests */,
			);
		};
/* End PBXProject section */

/* Begin PBXResourcesBuildPhase section */
		C532B4912AD4D669006E298D /* Resources */ = {
			isa = PBXResourcesBuildPhase;
			buildActionMask = 2147483647;
			files = (
				C5339C202AE558BB00ADCF6B /* NotoSansKR-Bold.ttf in Resources */,
				2B544F932DC81B9800A0870A /* login.json in Resources */,
				2B544F972DC81E9300A0870A /* GoogleService-Info.plist in Resources */,
				C532B49B2AD4D66C006E298D /* Assets.xcassets in Resources */,
				C5339C212AE558BB00ADCF6B /* NotoSansKR-Regular.ttf in Resources */,
			);
			runOnlyForDeploymentPostprocessing = 0;
		};
		C532B4A12AD4D66C006E298D /* Resources */ = {
			isa = PBXResourcesBuildPhase;
			buildActionMask = 2147483647;
			files = (
			);
			runOnlyForDeploymentPostprocessing = 0;
		};
		C532B4AB2AD4D66C006E298D /* Resources */ = {
			isa = PBXResourcesBuildPhase;
			buildActionMask = 2147483647;
			files = (
			);
			runOnlyForDeploymentPostprocessing = 0;
		};
/* End PBXResourcesBuildPhase section */

/* Begin PBXSourcesBuildPhase section */
		C532B48F2AD4D669006E298D /* Sources */ = {
			isa = PBXSourcesBuildPhase;
			buildActionMask = 2147483647;
			files = (
				2B544FAD2DC8F9AE00A0870A /* TextButton.swift in Sources */,
				2B728E2C2DD3D74F00C1AF6D /* FindPasswordView.swift in Sources */,
				2B728E3D2DE04AFA00C1AF6D /* DeleteAccountPopup.swift in Sources */,
				2B728E462DE0535700C1AF6D /* SignUpCompletedToast.swift in Sources */,
				2BAFB5B72DD1750000ADDA57 /* TopBar.swift in Sources */,
				C5CED2832ADC003D00487138 /* CalculatorFunctions.swift in Sources */,
				2B728E442DE0531400C1AF6D /* PasswordChangedToast.swift in Sources */,
				C5339C192AE503E300ADCF6B /* Operation.swift in Sources */,
				C5339C1B2AE5096C00ADCF6B /* ButtonSize.swift in Sources */,
				2B544F912DC81B8400A0870A /* View+Extension.swift in Sources */,
				2B544FAB2DC8F7C700A0870A /* RoundedButton.swift in Sources */,
				2B544FA52DC8CCF500A0870A /* ButtonStyle.swift in Sources */,
				2B728E342DDF115400C1AF6D /* Popup.swift in Sources */,
				2B728E392DE0425700C1AF6D /* ThemeOpenPopup.swift in Sources */,
				C5339C1D2AE50D8900ADCF6B /* ThemeSelectView.swift in Sources */,
				2B728E3F2DE04C1100C1AF6D /* UnregisteredPopup.swift in Sources */,
				2B544FA72DC8CFDF00A0870A /* BasicButton.swift in Sources */,
				2B544FB22DC918C900A0870A /* TextFieldStyle.swift in Sources */,
				C532B4992AD4D669006E298D /* ContentView.swift in Sources */,
				C532B4972AD4D669006E298D /* BallCalculatorApp.swift in Sources */,
				2B544FA32DC8CA3F00A0870A /* AuthManager.swift in Sources */,
				C5339C172AE4FC5400ADCF6B /* Theme.swift in Sources */,
				2B728E302DD3E14900C1AF6D /* SignUpView.swift in Sources */,
				2B544FB42DC9578000A0870A /* BasicTextField.swift in Sources */,
				2B728E362DDF117B00C1AF6D /* Toast.swift in Sources */,
				C564C8012B01C5AE00A42261 /* AutoThemeSelectView.swift in Sources */,
				2B544F8D2DC81B7500A0870A /* User.swift in Sources */,
				C5D195802ADA6F130079E799 /* CalcButton.swift in Sources */,
				2B728E422DE04CE400C1AF6D /* SavedToast.swift in Sources */,
				2B544F822DC81ABB00A0870A /* LottieView.swift in Sources */,
				2B544F832DC81ABB00A0870A /* SignInWithAppleLoginButton.swift in Sources */,
				2B728E3B2DE04A6B00C1AF6D /* LogoutPopup.swift in Sources */,
				2B544F842DC81ABB00A0870A /* LoginView.swift in Sources */,
				2B728E2A2DD3438000C1AF6D /* SignInView.swift in Sources */,
				C5D1957D2ADA59F80079E799 /* Color+Extension.swift in Sources */,
				2B544F8F2DC81B7E00A0870A /* Font+Extension.swift in Sources */,
				2B544FB62DC985ED00A0870A /* FormTextField.swift in Sources */,
				2B728E322DDF111700C1AF6D /* PopupManager.swift in Sources */,
				2B728E2E2DD3DA2900C1AF6D /* ResetPasswordView.swift in Sources */,
				C564C8052B01F47B00A42261 /* ThemeManager.swift in Sources */,
				2B544FAF2DC90FF400A0870A /* TinyButton.swift in Sources */,
			);
			runOnlyForDeploymentPostprocessing = 0;
		};
		C532B49F2AD4D66C006E298D /* Sources */ = {
			isa = PBXSourcesBuildPhase;
			buildActionMask = 2147483647;
			files = (
				C5B4FEFA2B00E20D0025EC1C /* BallCalculatorTests.swift in Sources */,
			);
			runOnlyForDeploymentPostprocessing = 0;
		};
		C532B4A92AD4D66C006E298D /* Sources */ = {
			isa = PBXSourcesBuildPhase;
			buildActionMask = 2147483647;
			files = (
				C5B4FF002B00F05E0025EC1C /* BallCalculatorUITests.swift in Sources */,
			);
			runOnlyForDeploymentPostprocessing = 0;
		};
/* End PBXSourcesBuildPhase section */

/* Begin PBXTargetDependency section */
		C532B4A52AD4D66C006E298D /* PBXTargetDependency */ = {
			isa = PBXTargetDependency;
			target = C532B4922AD4D669006E298D /* BallCalculator */;
			targetProxy = C532B4A42AD4D66C006E298D /* PBXContainerItemProxy */;
		};
		C532B4AF2AD4D66C006E298D /* PBXTargetDependency */ = {
			isa = PBXTargetDependency;
			target = C532B4922AD4D669006E298D /* BallCalculator */;
			targetProxy = C532B4AE2AD4D66C006E298D /* PBXContainerItemProxy */;
		};
/* End PBXTargetDependency section */

/* Begin XCBuildConfiguration section */
		C532B4B52AD4D66C006E298D /* Debug */ = {
			isa = XCBuildConfiguration;
			buildSettings = {
				ALWAYS_SEARCH_USER_PATHS = NO;
				ASSETCATALOG_COMPILER_GENERATE_SWIFT_ASSET_SYMBOL_EXTENSIONS = YES;
				CLANG_ANALYZER_NONNULL = YES;
				CLANG_ANALYZER_NUMBER_OBJECT_CONVERSION = YES_AGGRESSIVE;
				CLANG_CXX_LANGUAGE_STANDARD = "gnu++20";
				CLANG_ENABLE_MODULES = YES;
				CLANG_ENABLE_OBJC_ARC = YES;
				CLANG_ENABLE_OBJC_WEAK = YES;
				CLANG_WARN_BLOCK_CAPTURE_AUTORELEASING = YES;
				CLANG_WARN_BOOL_CONVERSION = YES;
				CLANG_WARN_COMMA = YES;
				CLANG_WARN_CONSTANT_CONVERSION = YES;
				CLANG_WARN_DEPRECATED_OBJC_IMPLEMENTATIONS = YES;
				CLANG_WARN_DIRECT_OBJC_ISA_USAGE = YES_ERROR;
				CLANG_WARN_DOCUMENTATION_COMMENTS = YES;
				CLANG_WARN_EMPTY_BODY = YES;
				CLANG_WARN_ENUM_CONVERSION = YES;
				CLANG_WARN_INFINITE_RECURSION = YES;
				CLANG_WARN_INT_CONVERSION = YES;
				CLANG_WARN_NON_LITERAL_NULL_CONVERSION = YES;
				CLANG_WARN_OBJC_IMPLICIT_RETAIN_SELF = YES;
				CLANG_WARN_OBJC_LITERAL_CONVERSION = YES;
				CLANG_WARN_OBJC_ROOT_CLASS = YES_ERROR;
				CLANG_WARN_QUOTED_INCLUDE_IN_FRAMEWORK_HEADER = YES;
				CLANG_WARN_RANGE_LOOP_ANALYSIS = YES;
				CLANG_WARN_STRICT_PROTOTYPES = YES;
				CLANG_WARN_SUSPICIOUS_MOVE = YES;
				CLANG_WARN_UNGUARDED_AVAILABILITY = YES_AGGRESSIVE;
				CLANG_WARN_UNREACHABLE_CODE = YES;
				CLANG_WARN__DUPLICATE_METHOD_MATCH = YES;
				COPY_PHASE_STRIP = NO;
				DEBUG_INFORMATION_FORMAT = dwarf;
				ENABLE_STRICT_OBJC_MSGSEND = YES;
				ENABLE_TESTABILITY = YES;
				ENABLE_USER_SCRIPT_SANDBOXING = YES;
				GCC_C_LANGUAGE_STANDARD = gnu17;
				GCC_DYNAMIC_NO_PIC = NO;
				GCC_NO_COMMON_BLOCKS = YES;
				GCC_OPTIMIZATION_LEVEL = 0;
				GCC_PREPROCESSOR_DEFINITIONS = (
					"DEBUG=1",
					"$(inherited)",
				);
				GCC_WARN_64_TO_32_BIT_CONVERSION = YES;
				GCC_WARN_ABOUT_RETURN_TYPE = YES_ERROR;
				GCC_WARN_UNDECLARED_SELECTOR = YES;
				GCC_WARN_UNINITIALIZED_AUTOS = YES_AGGRESSIVE;
				GCC_WARN_UNUSED_FUNCTION = YES;
				GCC_WARN_UNUSED_VARIABLE = YES;
				IPHONEOS_DEPLOYMENT_TARGET = 17.0;
				LOCALIZATION_PREFERS_STRING_CATALOGS = YES;
				MTL_ENABLE_DEBUG_INFO = INCLUDE_SOURCE;
				MTL_FAST_MATH = YES;
				ONLY_ACTIVE_ARCH = YES;
				SDKROOT = iphoneos;
				SWIFT_ACTIVE_COMPILATION_CONDITIONS = "DEBUG $(inherited)";
				SWIFT_OPTIMIZATION_LEVEL = "-Onone";
			};
			name = Debug;
		};
		C532B4B62AD4D66C006E298D /* Release */ = {
			isa = XCBuildConfiguration;
			buildSettings = {
				ALWAYS_SEARCH_USER_PATHS = NO;
				ASSETCATALOG_COMPILER_GENERATE_SWIFT_ASSET_SYMBOL_EXTENSIONS = YES;
				CLANG_ANALYZER_NONNULL = YES;
				CLANG_ANALYZER_NUMBER_OBJECT_CONVERSION = YES_AGGRESSIVE;
				CLANG_CXX_LANGUAGE_STANDARD = "gnu++20";
				CLANG_ENABLE_MODULES = YES;
				CLANG_ENABLE_OBJC_ARC = YES;
				CLANG_ENABLE_OBJC_WEAK = YES;
				CLANG_WARN_BLOCK_CAPTURE_AUTORELEASING = YES;
				CLANG_WARN_BOOL_CONVERSION = YES;
				CLANG_WARN_COMMA = YES;
				CLANG_WARN_CONSTANT_CONVERSION = YES;
				CLANG_WARN_DEPRECATED_OBJC_IMPLEMENTATIONS = YES;
				CLANG_WARN_DIRECT_OBJC_ISA_USAGE = YES_ERROR;
				CLANG_WARN_DOCUMENTATION_COMMENTS = YES;
				CLANG_WARN_EMPTY_BODY = YES;
				CLANG_WARN_ENUM_CONVERSION = YES;
				CLANG_WARN_INFINITE_RECURSION = YES;
				CLANG_WARN_INT_CONVERSION = YES;
				CLANG_WARN_NON_LITERAL_NULL_CONVERSION = YES;
				CLANG_WARN_OBJC_IMPLICIT_RETAIN_SELF = YES;
				CLANG_WARN_OBJC_LITERAL_CONVERSION = YES;
				CLANG_WARN_OBJC_ROOT_CLASS = YES_ERROR;
				CLANG_WARN_QUOTED_INCLUDE_IN_FRAMEWORK_HEADER = YES;
				CLANG_WARN_RANGE_LOOP_ANALYSIS = YES;
				CLANG_WARN_STRICT_PROTOTYPES = YES;
				CLANG_WARN_SUSPICIOUS_MOVE = YES;
				CLANG_WARN_UNGUARDED_AVAILABILITY = YES_AGGRESSIVE;
				CLANG_WARN_UNREACHABLE_CODE = YES;
				CLANG_WARN__DUPLICATE_METHOD_MATCH = YES;
				COPY_PHASE_STRIP = NO;
				DEBUG_INFORMATION_FORMAT = "dwarf-with-dsym";
				ENABLE_NS_ASSERTIONS = NO;
				ENABLE_STRICT_OBJC_MSGSEND = YES;
				ENABLE_USER_SCRIPT_SANDBOXING = YES;
				GCC_C_LANGUAGE_STANDARD = gnu17;
				GCC_NO_COMMON_BLOCKS = YES;
				GCC_WARN_64_TO_32_BIT_CONVERSION = YES;
				GCC_WARN_ABOUT_RETURN_TYPE = YES_ERROR;
				GCC_WARN_UNDECLARED_SELECTOR = YES;
				GCC_WARN_UNINITIALIZED_AUTOS = YES_AGGRESSIVE;
				GCC_WARN_UNUSED_FUNCTION = YES;
				GCC_WARN_UNUSED_VARIABLE = YES;
				IPHONEOS_DEPLOYMENT_TARGET = 17.0;
				LOCALIZATION_PREFERS_STRING_CATALOGS = YES;
				MTL_ENABLE_DEBUG_INFO = NO;
				MTL_FAST_MATH = YES;
				SDKROOT = iphoneos;
				SWIFT_COMPILATION_MODE = wholemodule;
				VALIDATE_PRODUCT = YES;
			};
			name = Release;
		};
		C532B4B82AD4D66C006E298D /* Debug */ = {
			isa = XCBuildConfiguration;
			buildSettings = {
				ASSETCATALOG_COMPILER_APPICON_NAME = AppIcon;
				ASSETCATALOG_COMPILER_GLOBAL_ACCENT_COLOR_NAME = AccentColor;
				CODE_SIGN_ENTITLEMENTS = BallCalculator/BallCalculator.entitlements;
				CODE_SIGN_STYLE = Automatic;
				CURRENT_PROJECT_VERSION = 1;
				DEVELOPMENT_ASSET_PATHS = "";
				DEVELOPMENT_TEAM = UV2PAA368V;
				ENABLE_PREVIEWS = YES;
				GENERATE_INFOPLIST_FILE = YES;
				INFOPLIST_FILE = BallCalculator/Info.plist;
				INFOPLIST_KEY_UIApplicationSceneManifest_Generation = YES;
				INFOPLIST_KEY_UIApplicationSupportsIndirectInputEvents = YES;
				INFOPLIST_KEY_UILaunchScreen_Generation = YES;
				INFOPLIST_KEY_UISupportedInterfaceOrientations = UIInterfaceOrientationPortrait;
				INFOPLIST_KEY_UISupportedInterfaceOrientations_iPad = "UIInterfaceOrientationPortrait UIInterfaceOrientationPortraitUpsideDown";
				IPHONEOS_DEPLOYMENT_TARGET = 17;
				LD_RUNPATH_SEARCH_PATHS = (
					"$(inherited)",
					"@executable_path/Frameworks",
				);
				MARKETING_VERSION = 1.0;
				PRODUCT_BUNDLE_IDENTIFIER = com.hill2play.BallCalculator.yunki;
				PRODUCT_NAME = "$(TARGET_NAME)";
				SWIFT_EMIT_LOC_STRINGS = YES;
				SWIFT_VERSION = 5.0;
				TARGETED_DEVICE_FAMILY = "1,2";
			};
			name = Debug;
		};
		C532B4B92AD4D66C006E298D /* Release */ = {
			isa = XCBuildConfiguration;
			buildSettings = {
				ASSETCATALOG_COMPILER_APPICON_NAME = AppIcon;
				ASSETCATALOG_COMPILER_GLOBAL_ACCENT_COLOR_NAME = AccentColor;
				CODE_SIGN_ENTITLEMENTS = BallCalculator/BallCalculator.entitlements;
				CODE_SIGN_STYLE = Automatic;
				CURRENT_PROJECT_VERSION = 1;
				DEVELOPMENT_ASSET_PATHS = "";
				DEVELOPMENT_TEAM = UV2PAA368V;
				ENABLE_PREVIEWS = YES;
				GENERATE_INFOPLIST_FILE = YES;
				INFOPLIST_FILE = BallCalculator/Info.plist;
				INFOPLIST_KEY_UIApplicationSceneManifest_Generation = YES;
				INFOPLIST_KEY_UIApplicationSupportsIndirectInputEvents = YES;
				INFOPLIST_KEY_UILaunchScreen_Generation = YES;
				INFOPLIST_KEY_UISupportedInterfaceOrientations = UIInterfaceOrientationPortrait;
				INFOPLIST_KEY_UISupportedInterfaceOrientations_iPad = "UIInterfaceOrientationPortrait UIInterfaceOrientationPortraitUpsideDown";
				IPHONEOS_DEPLOYMENT_TARGET = 17;
				LD_RUNPATH_SEARCH_PATHS = (
					"$(inherited)",
					"@executable_path/Frameworks",
				);
				MARKETING_VERSION = 1.0;
				PRODUCT_BUNDLE_IDENTIFIER = com.hill2play.BallCalculator.yunki;
				PRODUCT_NAME = "$(TARGET_NAME)";
				SWIFT_EMIT_LOC_STRINGS = YES;
				SWIFT_VERSION = 5.0;
				TARGETED_DEVICE_FAMILY = "1,2";
			};
			name = Release;
		};
		C532B4BB2AD4D66C006E298D /* Debug */ = {
			isa = XCBuildConfiguration;
			buildSettings = {
				ALWAYS_EMBED_SWIFT_STANDARD_LIBRARIES = YES;
				BUNDLE_LOADER = "$(TEST_HOST)";
				CLANG_ENABLE_MODULES = YES;
				CODE_SIGN_STYLE = Automatic;
				CURRENT_PROJECT_VERSION = 1;
				DEVELOPMENT_TEAM = K23A78WQAY;
				GENERATE_INFOPLIST_FILE = YES;
				IPHONEOS_DEPLOYMENT_TARGET = 17.0;
				MARKETING_VERSION = 1.0;
				PRODUCT_BUNDLE_IDENTIFIER = com.hill.BallCalculatorTests;
				PRODUCT_NAME = "$(TARGET_NAME)";
				SWIFT_EMIT_LOC_STRINGS = NO;
				SWIFT_OPTIMIZATION_LEVEL = "-Onone";
				SWIFT_VERSION = 5.0;
				TARGETED_DEVICE_FAMILY = "1,2";
				TEST_HOST = "$(BUILT_PRODUCTS_DIR)/BallCalculator.app/$(BUNDLE_EXECUTABLE_FOLDER_PATH)/BallCalculator";
			};
			name = Debug;
		};
		C532B4BC2AD4D66C006E298D /* Release */ = {
			isa = XCBuildConfiguration;
			buildSettings = {
				ALWAYS_EMBED_SWIFT_STANDARD_LIBRARIES = YES;
				BUNDLE_LOADER = "$(TEST_HOST)";
				CLANG_ENABLE_MODULES = YES;
				CODE_SIGN_STYLE = Automatic;
				CURRENT_PROJECT_VERSION = 1;
				DEVELOPMENT_TEAM = K23A78WQAY;
				GENERATE_INFOPLIST_FILE = YES;
				IPHONEOS_DEPLOYMENT_TARGET = 17.0;
				MARKETING_VERSION = 1.0;
				PRODUCT_BUNDLE_IDENTIFIER = com.hill.BallCalculatorTests;
				PRODUCT_NAME = "$(TARGET_NAME)";
				SWIFT_EMIT_LOC_STRINGS = NO;
				SWIFT_VERSION = 5.0;
				TARGETED_DEVICE_FAMILY = "1,2";
				TEST_HOST = "$(BUILT_PRODUCTS_DIR)/BallCalculator.app/$(BUNDLE_EXECUTABLE_FOLDER_PATH)/BallCalculator";
			};
			name = Release;
		};
		C532B4BE2AD4D66C006E298D /* Debug */ = {
			isa = XCBuildConfiguration;
			buildSettings = {
				ALWAYS_EMBED_SWIFT_STANDARD_LIBRARIES = YES;
				CLANG_ENABLE_MODULES = YES;
				CODE_SIGN_STYLE = Automatic;
				CURRENT_PROJECT_VERSION = 1;
				DEVELOPMENT_TEAM = K23A78WQAY;
				GENERATE_INFOPLIST_FILE = YES;
				MARKETING_VERSION = 1.0;
				PRODUCT_BUNDLE_IDENTIFIER = com.hill.BallCalculatorUITests;
				PRODUCT_NAME = "$(TARGET_NAME)";
				SWIFT_EMIT_LOC_STRINGS = NO;
				SWIFT_OPTIMIZATION_LEVEL = "-Onone";
				SWIFT_VERSION = 5.0;
				TARGETED_DEVICE_FAMILY = "1,2";
				TEST_TARGET_NAME = BallCalculator;
			};
			name = Debug;
		};
		C532B4BF2AD4D66C006E298D /* Release */ = {
			isa = XCBuildConfiguration;
			buildSettings = {
				ALWAYS_EMBED_SWIFT_STANDARD_LIBRARIES = YES;
				CLANG_ENABLE_MODULES = YES;
				CODE_SIGN_STYLE = Automatic;
				CURRENT_PROJECT_VERSION = 1;
				DEVELOPMENT_TEAM = K23A78WQAY;
				GENERATE_INFOPLIST_FILE = YES;
				MARKETING_VERSION = 1.0;
				PRODUCT_BUNDLE_IDENTIFIER = com.hill.BallCalculatorUITests;
				PRODUCT_NAME = "$(TARGET_NAME)";
				SWIFT_EMIT_LOC_STRINGS = NO;
				SWIFT_VERSION = 5.0;
				TARGETED_DEVICE_FAMILY = "1,2";
				TEST_TARGET_NAME = BallCalculator;
			};
			name = Release;
		};
/* End XCBuildConfiguration section */

/* Begin XCConfigurationList section */
		C532B48E2AD4D669006E298D /* Build configuration list for PBXProject "BallCalculator" */ = {
			isa = XCConfigurationList;
			buildConfigurations = (
				C532B4B52AD4D66C006E298D /* Debug */,
				C532B4B62AD4D66C006E298D /* Release */,
			);
			defaultConfigurationIsVisible = 0;
			defaultConfigurationName = Release;
		};
		C532B4B72AD4D66C006E298D /* Build configuration list for PBXNativeTarget "BallCalculator" */ = {
			isa = XCConfigurationList;
			buildConfigurations = (
				C532B4B82AD4D66C006E298D /* Debug */,
				C532B4B92AD4D66C006E298D /* Release */,
			);
			defaultConfigurationIsVisible = 0;
			defaultConfigurationName = Release;
		};
		C532B4BA2AD4D66C006E298D /* Build configuration list for PBXNativeTarget "BallCalculatorTests" */ = {
			isa = XCConfigurationList;
			buildConfigurations = (
				C532B4BB2AD4D66C006E298D /* Debug */,
				C532B4BC2AD4D66C006E298D /* Release */,
			);
			defaultConfigurationIsVisible = 0;
			defaultConfigurationName = Release;
		};
		C532B4BD2AD4D66C006E298D /* Build configuration list for PBXNativeTarget "BallCalculatorUITests" */ = {
			isa = XCConfigurationList;
			buildConfigurations = (
				C532B4BE2AD4D66C006E298D /* Debug */,
				C532B4BF2AD4D66C006E298D /* Release */,
			);
			defaultConfigurationIsVisible = 0;
			defaultConfigurationName = Release;
		};
/* End XCConfigurationList section */

/* Begin XCRemoteSwiftPackageReference section */
		2B544F7B2DC81AA500A0870A /* XCRemoteSwiftPackageReference "lottie-ios" */ = {
			isa = XCRemoteSwiftPackageReference;
			repositoryURL = "https://github.com/airbnb/lottie-ios";
			requirement = {
				kind = upToNextMajorVersion;
				minimumVersion = 4.5.1;
			};
		};
		2B544F852DC81B1100A0870A /* XCRemoteSwiftPackageReference "firebase-ios-sdk" */ = {
			isa = XCRemoteSwiftPackageReference;
			repositoryURL = "https://github.com/firebase/firebase-ios-sdk";
			requirement = {
				kind = upToNextMajorVersion;
				minimumVersion = 11.12.0;
			};
		};
		C5B4FF012B00FBFA0025EC1C /* XCRemoteSwiftPackageReference "ViewInspector" */ = {
			isa = XCRemoteSwiftPackageReference;
			repositoryURL = "https://github.com/nalexn/ViewInspector";
			requirement = {
				kind = upToNextMajorVersion;
				minimumVersion = 0.9.8;
			};
		};
/* End XCRemoteSwiftPackageReference section */

/* Begin XCSwiftPackageProductDependency section */
		2B544F7C2DC81AA500A0870A /* Lottie */ = {
			isa = XCSwiftPackageProductDependency;
			package = 2B544F7B2DC81AA500A0870A /* XCRemoteSwiftPackageReference "lottie-ios" */;
			productName = Lottie;
		};
		2B544F862DC81B1100A0870A /* FirebaseAuth */ = {
			isa = XCSwiftPackageProductDependency;
			package = 2B544F852DC81B1100A0870A /* XCRemoteSwiftPackageReference "firebase-ios-sdk" */;
			productName = FirebaseAuth;
		};
		2B544F882DC81B1100A0870A /* FirebaseFirestore */ = {
			isa = XCSwiftPackageProductDependency;
			package = 2B544F852DC81B1100A0870A /* XCRemoteSwiftPackageReference "firebase-ios-sdk" */;
			productName = FirebaseFirestore;
		};
		C5B4FF022B00FBFA0025EC1C /* ViewInspector */ = {
			isa = XCSwiftPackageProductDependency;
			package = C5B4FF012B00FBFA0025EC1C /* XCRemoteSwiftPackageReference "ViewInspector" */;
			productName = ViewInspector;
		};
/* End XCSwiftPackageProductDependency section */
	};
	rootObject = C532B48B2AD4D669006E298D /* Project object */;
}
